
Microsoft Visual Studio Solution File, Format Version 12.00
# Visual Studio Version 17
VisualStudioVersion = 17.13.35931.197
MinimumVisualStudioVersion = 10.0.40219.1
Project("{FAE04EC0-301F-11D3-BF4B-00C04F79EFBC}") = "MovieApi", "MovieApi\MovieApi.csproj", "{7BBC1C88-0120-4035-8E0E-BA3672875172}"
EndProject
Project("{FAE04EC0-301F-11D3-BF4B-00C04F79EFBC}") = "Movie.Core", "Movie.Core\Movie.Core.csproj", "{DCF20D35-9586-E474-AACA-1420874C6C53}"
EndProject
Project("{FAE04EC0-301F-11D3-BF4B-00C04F79EFBC}") = "Movie.Data", "Movie.Data\Movie.Data.csproj", "{BCCB9241-6D3B-4003-87BB-BAE74C95C332}"
EndProject
Global
	GlobalSection(SolutionConfigurationPlatforms) = preSolution
		Debug|Any CPU = Debug|Any CPU
		Release|Any CPU = Release|Any CPU
	EndGlobalSection
	GlobalSection(ProjectConfigurationPlatforms) = postSolution
		{7BBC1C88-0120-4035-8E0E-BA3672875172}.Debug|Any CPU.ActiveCfg = Debug|Any CPU
		{7BBC1C88-0120-4035-8E0E-BA3672875172}.Debug|Any CPU.Build.0 = Debug|Any CPU
		{7BBC1C88-0120-4035-8E0E-BA3672875172}.Release|Any CPU.ActiveCfg = Release|Any CPU
		{7BBC1C88-0120-4035-8E0E-BA3672875172}.Release|Any CPU.Build.0 = Release|Any CPU
		{DCF20D35-9586-E474-AACA-1420874C6C53}.Debug|Any CPU.ActiveCfg = Debug|Any CPU
		{DCF20D35-9586-E474-AACA-1420874C6C53}.Debug|Any CPU.Build.0 = Debug|Any CPU
		{DCF20D35-9586-E474-AACA-1420874C6C53}.Release|Any CPU.ActiveCfg = Release|Any CPU
		{DCF20D35-9586-E474-AACA-1420874C6C53}.Release|Any CPU.Build.0 = Release|Any CPU
		{BCCB9241-6D3B-4003-87BB-BAE74C95C332}.Debug|Any CPU.ActiveCfg = Debug|Any CPU
		{BCCB9241-6D3B-4003-87BB-BAE74C95C332}.Debug|Any CPU.Build.0 = Debug|Any CPU
		{BCCB9241-6D3B-4003-87BB-BAE74C95C332}.Release|Any CPU.ActiveCfg = Release|Any CPU
		{BCCB9241-6D3B-4003-87BB-BAE74C95C332}.Release|Any CPU.Build.0 = Release|Any CPU
	EndGlobalSection
	GlobalSection(SolutionProperties) = preSolution
		HideSolutionNode = FALSE
	EndGlobalSection
	GlobalSection(ExtensibilityGlobals) = postSolution
		SolutionGuid = {533F3635-A4E4-4CFC-88DF-7A8DE642B0A6}
	EndGlobalSection
EndGlobal
